PODS:
  - Flutter (1.0.0)
  - flutter_blue_plus (0.0.1):
    - Flutter
    - flutter_blue_plus/Protos (= 0.0.1)
  - flutter_blue_plus/Protos (0.0.1):
    - Flutter
    - Protobuf (~> 3.11)
  - network_info_plus (0.0.1):
    - Flutter
  - path_provider_ios (0.0.1):
    - Flutter
  - Protobuf (3.21.5)
  - shared_preferences_ios (0.0.1):
    - Flutter
  - TuyaSmartActivatorCoreKit (4.0.0):
    - TuyaSmartDeviceCoreKit (>= 4.0.0)
    - TuyaSmartPairingCoreKit (>= 4.0.0)
    - TuyaSmartUtil (>= 4.0.0)
  - TuyaSmartActivatorKit (4.0.0):
    - TuyaSmartActivatorCoreKit
    - TuyaSmartDeviceKit
  - TuyaSmartBaseKit (4.0.0):
    - TuyaSmartMQTTChannelKit (>= 3.35.0)
    - TuyaSmartNetworkKit (>= 3.32.0)
    - TuyaSmartUtil (>= 3.35.0)
    - YYModel
  - TuyaSmartBeaconKit (4.0.0):
    - TuyaSmartBLECoreKit (>= 4.0.0)
    - TuyaSmartDeviceCoreKit (>= 4.0.0)
  - TuyaSmartBLECoreKit (4.0.1):
    - TuyaSmartUtil (>= 4.0.0)
    - TYBluetooth (< 10.0, >= 4.0.0)
    - YYModel
  - TuyaSmartBLEKit (4.0.0):
    - TuyaSmartBeaconKit (>= 4.0.0)
    - TuyaSmartBLECoreKit (>= 4.0.0)
    - TuyaSmartDeviceCoreKit (>= 4.0.0)
    - TYBluetooth (< 10.0, >= 4.0.0)
  - TuyaSmartBLEMeshKit (4.0.0):
    - TuyaSmartActivatorCoreKit (>= 4.0.0)
    - TuyaSmartDeviceCoreKit (>= 4.0.0)
    - TYBluetooth (< 10.0, >= 4.0.0)
  - TuyaSmartDeviceCoreKit (4.0.0):
    - TuyaSmartBaseKit (>= 4.0.0)
    - TuyaSmartMQTTChannelKit (>= 4.0.0)
    - TuyaSmartSocketChannelKit (>= 4.0.0)
    - TuyaSmartUtil (>= 4.0.0)
  - TuyaSmartDeviceKit (4.2.7):
    - TuyaSmartBaseKit
    - TuyaSmartDeviceCoreKit (>= 3.38.0)
    - TuyaSmartNetworkKit
    - TuyaSmartShareKit (>= 3.36.0)
  - TuyaSmartFeedbackKit (3.33.5):
    - TuyaSmartBaseKit
  - TuyaSmartHomeKit (4.0.0):
    - TuyaSmartActivatorKit
    - TuyaSmartBaseKit
    - TuyaSmartBLEKit
    - TuyaSmartBLEMeshKit
    - TuyaSmartDeviceKit
    - TuyaSmartFeedbackKit
    - TuyaSmartMessageKit
    - TuyaSmartMQTTChannelKit
    - TuyaSmartSceneKit
    - TuyaSmartSocketChannelKit
    - TuyaSmartTimerKit
  - TuyaSmartMessageKit (3.35.6):
    - TuyaSmartBaseKit
  - TuyaSmartMQTTChannelKit (4.0.0):
    - TuyaSmartQUIC (>= 1.2.0)
    - TuyaSmartUtil (>= 4.0.0)
  - TuyaSmartNetworkKit (4.0.1):
    - TuyaSmartUtil (>= 4.0.0)
    - YYModel
  - TuyaSmartPairingCoreKit (4.0.1):
    - TuyaSmartMQTTChannelKit (>= 4.0.0)
    - TuyaSmartSocketChannelKit (>= 4.0.0)
    - TuyaSmartUtil (>= 4.0.0)
    - YYModel
  - TuyaSmartQUIC (1.2.0)
  - TuyaSmartSceneCoreKit (3.39.5):
    - TuyaSmartBaseKit
    - TuyaSmartDeviceCoreKit
  - TuyaSmartSceneKit (3.33.6):
    - TuyaSmartBaseKit
    - TuyaSmartDeviceKit
    - TuyaSmartSceneCoreKit
  - TuyaSmartShareKit (3.36.1):
    - TuyaSmartBaseKit (>= 3.32.0)
    - TuyaSmartDeviceCoreKit (>= 3.36.0)
  - TuyaSmartSocketChannelKit (4.0.0):
    - TuyaSmartUtil (>= 4.0.0)
  - TuyaSmartTimerKit (3.33.0):
    - TuyaSmartBaseKit
    - TuyaSmartDeviceCoreKit
  - TuyaSmartUtil (4.0.0):
    - TYMbedtls (>= 2.25.1)
  - TYBluetooth (4.0.0):
    - TuyaSmartUtil (>= 4.0.0)
  - TYMbedtls (2.25.2)
  - YYModel (1.0.4)

DEPENDENCIES:
  - Flutter (from `Flutter`)
  - flutter_blue_plus (from `.symlinks/plugins/flutter_blue_plus/ios`)
  - network_info_plus (from `.symlinks/plugins/network_info_plus/ios`)
  - path_provider_ios (from `.symlinks/plugins/path_provider_ios/ios`)
  - shared_preferences_ios (from `.symlinks/plugins/shared_preferences_ios/ios`)
  - TuyaSmartHomeKit (~> 4.0.0)

SPEC REPOS:
  https://github.com/tuya/tuya-pod-specs.git:
    - TuyaSmartActivatorCoreKit
    - TuyaSmartActivatorKit
    - TuyaSmartBaseKit
    - TuyaSmartBeaconKit
    - TuyaSmartBLECoreKit
    - TuyaSmartBLEKit
    - TuyaSmartBLEMeshKit
    - TuyaSmartDeviceCoreKit
    - TuyaSmartDeviceKit
    - TuyaSmartHomeKit
    - TuyaSmartMessageKit
    - TuyaSmartMQTTChannelKit
    - TuyaSmartNetworkKit
    - TuyaSmartPairingCoreKit
    - TuyaSmartSceneCoreKit
    - TuyaSmartShareKit
    - TuyaSmartSocketChannelKit
    - TuyaSmartUtil
    - TYBluetooth
  trunk:
    - Protobuf
    - TuyaSmartFeedbackKit
    - TuyaSmartQUIC
    - TuyaSmartSceneKit
    - TuyaSmartTimerKit
    - TYMbedtls
    - YYModel

EXTERNAL SOURCES:
  Flutter:
    :path: Flutter
  flutter_blue_plus:
    :path: ".symlinks/plugins/flutter_blue_plus/ios"
  network_info_plus:
    :path: ".symlinks/plugins/network_info_plus/ios"
  path_provider_ios:
    :path: ".symlinks/plugins/path_provider_ios/ios"
  shared_preferences_ios:
    :path: ".symlinks/plugins/shared_preferences_ios/ios"

SPEC CHECKSUMS:
  Flutter: f04841e97a9d0b0a8025694d0796dd46242b2854
  flutter_blue_plus: 6787777145d615de01828f3a9fa423c3c702f0b3
  network_info_plus: b78876159360f5580608c2cea620d6ceffabd0ad
  path_provider_ios: 14f3d2fd28c4fdb42f44e0f751d12861c43cee02
  Protobuf: 7504b04fffcf6662ad629694db8231f5e744327f
  shared_preferences_ios: 548a61f8053b9b8a49ac19c1ffbc8b92c50d68ad
  TuyaSmartActivatorCoreKit: 1d82f98eb7c2fd3a2c9a66098d9d57f652805757
  TuyaSmartActivatorKit: 8ddf405db0ff66b4adcfad48e4a7b14c8303d05b
  TuyaSmartBaseKit: 34dd0724e38bce48866f4efe0e9acc17928cb13e
  TuyaSmartBeaconKit: 1421013e4bcd753b6948cc4e858443ef22f46cad
  TuyaSmartBLECoreKit: 04a1ec1fbefe0c06d6559d6d8895913cf7f8d332
  TuyaSmartBLEKit: 43ec6c934c8da649fd128d865128fcebf5ac9293
  TuyaSmartBLEMeshKit: be141999eacf76260ab5be54942199af1de28f38
  TuyaSmartDeviceCoreKit: 765b928ffd7e949921e1597f4923b5c3c13f2138
  TuyaSmartDeviceKit: 7c575cccfe1b3dae1f77dbd0220dc3fbeafa785d
  TuyaSmartFeedbackKit: eb12d0767b9f09c6f765fbffa6e06e7f89ce9a90
  TuyaSmartHomeKit: c4e1a5790cb38515d6c413144965941c437e292c
  TuyaSmartMessageKit: f3547910e572c2485fe662fddda2f297f99f2390
  TuyaSmartMQTTChannelKit: a804792d3925a9b002198ead904d79a28a9dca8c
  TuyaSmartNetworkKit: 81757548aeb9c1ab1d20df885502c7e3e0d392b1
  TuyaSmartPairingCoreKit: 7627541269c585b51b8f24dbeb7d62997821533e
  TuyaSmartQUIC: fc6d0cc6123734c8268f8c1354697203c8b16a82
  TuyaSmartSceneCoreKit: a2101a94544d92aee45ab981d36a3e0f3f48b64c
  TuyaSmartSceneKit: 1f9cecad018120047200e4c6d81b5732c2690785
  TuyaSmartShareKit: bf0988186342440fb24d158bbf84b9b5551cb432
  TuyaSmartSocketChannelKit: ad8bd09ca5f156cb4151a158632aa11adfe551b7
  TuyaSmartTimerKit: f3bd2c93136edca6d59855c959127992627657fc
  TuyaSmartUtil: a37801de8e0e6692bce414960e91935d09574a13
  TYBluetooth: 1c7438b5425d4aece2d6f531bf85f05118925f34
  TYMbedtls: de670f7c1a5bb00d658067c76ec19bda4966611c
  YYModel: 2a7fdd96aaa4b86a824e26d0c517de8928c04b30

PODFILE CHECKSUM: 8aa40e5c8332bd554a887bbb0b407ac23fa5026e

COCOAPODS: 1.11.3
